PODS:
  - AWSAuthCore (2.15.0):
    - AWSCore (= 2.15.0)
  - AWSCognitoIdentityProvider (2.15.0):
    - AWSCognitoIdentityProviderASF (= 1.0.1)
    - AWSCore (= 2.15.0)
  - AWSCognitoIdentityProviderASF (1.0.1)
  - AWSCore (2.15.0)
  - AWSKinesisVideo (2.15.0):
    - AWSCore (= 2.15.0)
  - AWSKinesisVideoSignaling (2.15.0):
    - AWSCore (= 2.15.0)
  - AWSMobileClient (2.15.0):
    - AWSAuthCore (= 2.15.0)
    - AWSCognitoIdentityProvider (= 2.15.0)
  - CommonCryptoModule (1.0.2)
  - GoogleWebRTC (1.1.29400)
  - Starscream (3.1.1)
  - URLImage (0.9.19)
  - YoutubeDirectLinkExtractor (0.3.1)

DEPENDENCIES:
  - AWSCognitoIdentityProvider
  - AWSKinesisVideo
  - AWSKinesisVideoSignaling
  - AWSMobileClient
  - CommonCryptoModule
  - GoogleWebRTC (~> 1.1)
  - Starscream (~> 3.0)
  - URLImage
  - YoutubeDirectLinkExtractor

SPEC REPOS:
  trunk:
    - AWSAuthCore
    - AWSCognitoIdentityProvider
    - AWSCognitoIdentityProviderASF
    - AWSCore
    - AWSKinesisVideo
    - AWSKinesisVideoSignaling
    - AWSMobileClient
    - CommonCryptoModule
    - GoogleWebRTC
    - Starscream
    - URLImage
    - YoutubeDirectLinkExtractor

SPEC CHECKSUMS:
  AWSAuthCore: 284f1bc07187fad68ba52a0af088fe84f7af538e
  AWSCognitoIdentityProvider: 451b1a39c5c73afa9fc2bf8d29cb0892e9b3b34c
  AWSCognitoIdentityProviderASF: f94f1a502e72ef3d0a1de93e10bf7a79c8698118
  AWSCore: b732e43f2afaef25c3a7dd9408b8c594213397bd
  AWSKinesisVideo: 507ee37dcdd3a8bc4919e55c713c2b688b485950
  AWSKinesisVideoSignaling: 43240dba5112fad7ce6dfeb8ea586b7a1c5d3a3c
  AWSMobileClient: 633ec8c81dadec097e1fdb62e372e0af9b6dd706
  CommonCryptoModule: 63a68b57abed79655b3a01011419bf037a05b0a0
  GoogleWebRTC: cfb83bc346435a17fe06bb05f04ad826b858a7fb
  Starscream: 4bb2f9942274833f7b4d296a55504dcfc7edb7b0
  URLImage: 107320dff147321cceb201af24e8a154f24e6aed
  YoutubeDirectLinkExtractor: de7abd36c0e3bb120b9b372f36450fbf9b51c01e

PODFILE CHECKSUM: 42245b5a731c8ea0ff6decef2947a84849b3c166

COCOAPODS: 1.9.3
